// !$*UTF8*$!
{
	archiveVersion = 1;
	classes = {
	};
	objectVersion = 48;
	objects = {

/* Begin PBXBuildFile section */
		2EF8870D8DB0A682FC02BE14 /* Pods_TheraMe_Mobile.framework in Frameworks */ = {isa = PBXBuildFile; fileRef = 874AB83A9A53C46551E13A70 /* Pods_TheraMe_Mobile.framework */; };
		EB71AF9C208632E2009AC24F /* Info.plist in Resources */ = {isa = PBXBuildFile; fileRef = EBC86E0C2079A39B00D405D4 /* Info.plist */; };
		EBAED1BB2085202C006D8311 /* LoginButton.swift in Sources */ = {isa = PBXBuildFile; fileRef = EBAED1BA2085202C006D8311 /* LoginButton.swift */; };
		EBAED1BD20852855006D8311 /* FadeInAnimator.swift in Sources */ = {isa = PBXBuildFile; fileRef = EBAED1BC20852855006D8311 /* FadeInAnimator.swift */; };
		EBAED1BF2085317D006D8311 /* Spinner.swift in Sources */ = {isa = PBXBuildFile; fileRef = EBAED1BE2085317D006D8311 /* Spinner.swift */; };
		EBC86E012079A39B00D405D4 /* AppDelegate.swift in Sources */ = {isa = PBXBuildFile; fileRef = EBC86E002079A39B00D405D4 /* AppDelegate.swift */; };
		EBC86E032079A39B00D405D4 /* ViewController.swift in Sources */ = {isa = PBXBuildFile; fileRef = EBC86E022079A39B00D405D4 /* ViewController.swift */; };
		EBC86E062079A39B00D405D4 /* Main.storyboard in Resources */ = {isa = PBXBuildFile; fileRef = EBC86E042079A39B00D405D4 /* Main.storyboard */; };
		EBC86E082079A39B00D405D4 /* Assets.xcassets in Resources */ = {isa = PBXBuildFile; fileRef = EBC86E072079A39B00D405D4 /* Assets.xcassets */; };
		EBC86E0B2079A39B00D405D4 /* LaunchScreen.storyboard in Resources */ = {isa = PBXBuildFile; fileRef = EBC86E092079A39B00D405D4 /* LaunchScreen.storyboard */; };
		EBC86E162079A39B00D405D4 /* TheraMe_MobileTests.swift in Sources */ = {isa = PBXBuildFile; fileRef = EBC86E152079A39B00D405D4 /* TheraMe_MobileTests.swift */; };
		EBC86E222079A3CA00D405D4 /* UIKit.framework in Frameworks */ = {isa = PBXBuildFile; fileRef = EBC86E212079A3CA00D405D4 /* UIKit.framework */; };
		EBC86E242079A3D400D405D4 /* AVKit.framework in Frameworks */ = {isa = PBXBuildFile; fileRef = EBC86E232079A3D400D405D4 /* AVKit.framework */; };
		EBC86E262079A40F00D405D4 /* Foundation.framework in Frameworks */ = {isa = PBXBuildFile; fileRef = EBC86E252079A40F00D405D4 /* Foundation.framework */; };
		EBC86E3A2079A7BF00D405D4 /* NavigationController.swift in Sources */ = {isa = PBXBuildFile; fileRef = EBC86E392079A7BF00D405D4 /* NavigationController.swift */; };
		EBC86E3C2079A92400D405D4 /* podfile in Resources */ = {isa = PBXBuildFile; fileRef = EBC86E3B2079A92400D405D4 /* podfile */; };
		EBC86E402079AB7900D405D4 /* SideMenuController.swift in Sources */ = {isa = PBXBuildFile; fileRef = EBC86E3F2079AB7900D405D4 /* SideMenuController.swift */; };
		EBC86E472079AE4000D405D4 /* HomeViewController.swift in Sources */ = {isa = PBXBuildFile; fileRef = EBC86E462079AE4000D405D4 /* HomeViewController.swift */; };
		EBC86E4D207A54C600D405D4 /* Assignment.swift in Sources */ = {isa = PBXBuildFile; fileRef = EBC86E4C207A54C600D405D4 /* Assignment.swift */; };
		EBC86E4F207A550200D405D4 /* Exercise.swift in Sources */ = {isa = PBXBuildFile; fileRef = EBC86E4E207A550200D405D4 /* Exercise.swift */; };
		EBC86E51207A612800D405D4 /* SharedObjectManager.swift in Sources */ = {isa = PBXBuildFile; fileRef = EBC86E50207A612800D405D4 /* SharedObjectManager.swift */; };
		EBC86E53207A6B3F00D405D4 /* MediaHandler.swift in Sources */ = {isa = PBXBuildFile; fileRef = EBC86E52207A6B3F00D405D4 /* MediaHandler.swift */; };
		EBC86E55207A785400D405D4 /* AssignmentCellDone.swift in Sources */ = {isa = PBXBuildFile; fileRef = EBC86E54207A785300D405D4 /* AssignmentCellDone.swift */; };
		EBC86E57207A785F00D405D4 /* AssignmentCellNotDone.swift in Sources */ = {isa = PBXBuildFile; fileRef = EBC86E56207A785F00D405D4 /* AssignmentCellNotDone.swift */; };
		EBC86E59207AB7F900D405D4 /* WelcomeViewController.swift in Sources */ = {isa = PBXBuildFile; fileRef = EBC86E58207AB7F900D405D4 /* WelcomeViewController.swift */; };
		EBC86E5D2083B07C00D405D4 /* AVFoundation.framework in Frameworks */ = {isa = PBXBuildFile; fileRef = EBC86E5C2083B07C00D405D4 /* AVFoundation.framework */; };
		EBC86E622084EEA500D405D4 /* User.swift in Sources */ = {isa = PBXBuildFile; fileRef = EBC86E612084EEA500D405D4 /* User.swift */; };
		EBC86E642084F7E400D405D4 /* ExercisePlayer.swift in Sources */ = {isa = PBXBuildFile; fileRef = EBC86E632084F7E400D405D4 /* ExercisePlayer.swift */; };
/* End PBXBuildFile section */

/* Begin PBXContainerItemProxy section */
		EBC86E122079A39B00D405D4 /* PBXContainerItemProxy */ = {
			isa = PBXContainerItemProxy;
			containerPortal = EBC86DF52079A39B00D405D4 /* Project object */;
			proxyType = 1;
			remoteGlobalIDString = EBC86DFC2079A39B00D405D4;
			remoteInfo = "TheraMe Mobile";
		};
/* End PBXContainerItemProxy section */

/* Begin PBXFileReference section */
		2803BD3B4CC5EF369A8A29FA /* Pods-TheraMe Mobile.debug.xcconfig */ = {isa = PBXFileReference; includeInIndex = 1; lastKnownFileType = text.xcconfig; name = "Pods-TheraMe Mobile.debug.xcconfig"; path = "Pods/Target Support Files/Pods-TheraMe Mobile/Pods-TheraMe Mobile.debug.xcconfig"; sourceTree = "<group>"; };
		3A70BB17C831A4806E56E068 /* Pods-TheraMe Mobile.release.xcconfig */ = {isa = PBXFileReference; includeInIndex = 1; lastKnownFileType = text.xcconfig; name = "Pods-TheraMe Mobile.release.xcconfig"; path = "Pods/Target Support Files/Pods-TheraMe Mobile/Pods-TheraMe Mobile.release.xcconfig"; sourceTree = "<group>"; };
		874AB83A9A53C46551E13A70 /* Pods_TheraMe_Mobile.framework */ = {isa = PBXFileReference; explicitFileType = wrapper.framework; includeInIndex = 0; path = Pods_TheraMe_Mobile.framework; sourceTree = BUILT_PRODUCTS_DIR; };
		EBAED1BA2085202C006D8311 /* LoginButton.swift */ = {isa = PBXFileReference; lastKnownFileType = sourcecode.swift; path = LoginButton.swift; sourceTree = "<group>"; };
		EBAED1BC20852855006D8311 /* FadeInAnimator.swift */ = {isa = PBXFileReference; lastKnownFileType = sourcecode.swift; path = FadeInAnimator.swift; sourceTree = "<group>"; };
		EBAED1BE2085317D006D8311 /* Spinner.swift */ = {isa = PBXFileReference; lastKnownFileType = sourcecode.swift; path = Spinner.swift; sourceTree = "<group>"; };
		EBC86DFD2079A39B00D405D4 /* TheraMe Mobile.app */ = {isa = PBXFileReference; explicitFileType = wrapper.application; includeInIndex = 0; path = "TheraMe Mobile.app"; sourceTree = BUILT_PRODUCTS_DIR; };
		EBC86E002079A39B00D405D4 /* AppDelegate.swift */ = {isa = PBXFileReference; lastKnownFileType = sourcecode.swift; path = AppDelegate.swift; sourceTree = "<group>"; };
		EBC86E022079A39B00D405D4 /* ViewController.swift */ = {isa = PBXFileReference; lastKnownFileType = sourcecode.swift; path = ViewController.swift; sourceTree = "<group>"; };
		EBC86E052079A39B00D405D4 /* Base */ = {isa = PBXFileReference; lastKnownFileType = file.storyboard; name = Base; path = Base.lproj/Main.storyboard; sourceTree = "<group>"; };
		EBC86E072079A39B00D405D4 /* Assets.xcassets */ = {isa = PBXFileReference; lastKnownFileType = folder.assetcatalog; path = Assets.xcassets; sourceTree = "<group>"; };
		EBC86E0A2079A39B00D405D4 /* Base */ = {isa = PBXFileReference; lastKnownFileType = file.storyboard; name = Base; path = Base.lproj/LaunchScreen.storyboard; sourceTree = "<group>"; };
		EBC86E0C2079A39B00D405D4 /* Info.plist */ = {isa = PBXFileReference; lastKnownFileType = text.plist.xml; path = Info.plist; sourceTree = "<group>"; };
		EBC86E112079A39B00D405D4 /* TheraMe MobileTests.xctest */ = {isa = PBXFileReference; explicitFileType = wrapper.cfbundle; includeInIndex = 0; path = "TheraMe MobileTests.xctest"; sourceTree = BUILT_PRODUCTS_DIR; };
		EBC86E152079A39B00D405D4 /* TheraMe_MobileTests.swift */ = {isa = PBXFileReference; lastKnownFileType = sourcecode.swift; path = TheraMe_MobileTests.swift; sourceTree = "<group>"; };
		EBC86E172079A39B00D405D4 /* Info.plist */ = {isa = PBXFileReference; lastKnownFileType = text.plist.xml; path = Info.plist; sourceTree = "<group>"; };
		EBC86E212079A3CA00D405D4 /* UIKit.framework */ = {isa = PBXFileReference; lastKnownFileType = wrapper.framework; name = UIKit.framework; path = System/Library/Frameworks/UIKit.framework; sourceTree = SDKROOT; };
		EBC86E232079A3D400D405D4 /* AVKit.framework */ = {isa = PBXFileReference; lastKnownFileType = wrapper.framework; name = AVKit.framework; path = System/Library/Frameworks/AVKit.framework; sourceTree = SDKROOT; };
		EBC86E252079A40F00D405D4 /* Foundation.framework */ = {isa = PBXFileReference; lastKnownFileType = wrapper.framework; name = Foundation.framework; path = System/Library/Frameworks/Foundation.framework; sourceTree = SDKROOT; };
		EBC86E392079A7BF00D405D4 /* NavigationController.swift */ = {isa = PBXFileReference; lastKnownFileType = sourcecode.swift; path = NavigationController.swift; sourceTree = "<group>"; };
		EBC86E3B2079A92400D405D4 /* podfile */ = {isa = PBXFileReference; lastKnownFileType = text; path = podfile; sourceTree = "<group>"; };
		EBC86E3F2079AB7900D405D4 /* SideMenuController.swift */ = {isa = PBXFileReference; lastKnownFileType = sourcecode.swift; path = SideMenuController.swift; sourceTree = "<group>"; };
		EBC86E462079AE4000D405D4 /* HomeViewController.swift */ = {isa = PBXFileReference; lastKnownFileType = sourcecode.swift; path = HomeViewController.swift; sourceTree = "<group>"; };
		EBC86E4C207A54C600D405D4 /* Assignment.swift */ = {isa = PBXFileReference; lastKnownFileType = sourcecode.swift; path = Assignment.swift; sourceTree = "<group>"; };
		EBC86E4E207A550200D405D4 /* Exercise.swift */ = {isa = PBXFileReference; lastKnownFileType = sourcecode.swift; path = Exercise.swift; sourceTree = "<group>"; };
		EBC86E50207A612800D405D4 /* SharedObjectManager.swift */ = {isa = PBXFileReference; lastKnownFileType = sourcecode.swift; path = SharedObjectManager.swift; sourceTree = "<group>"; };
		EBC86E52207A6B3F00D405D4 /* MediaHandler.swift */ = {isa = PBXFileReference; lastKnownFileType = sourcecode.swift; path = MediaHandler.swift; sourceTree = "<group>"; };
		EBC86E54207A785300D405D4 /* AssignmentCellDone.swift */ = {isa = PBXFileReference; lastKnownFileType = sourcecode.swift; path = AssignmentCellDone.swift; sourceTree = "<group>"; };
		EBC86E56207A785F00D405D4 /* AssignmentCellNotDone.swift */ = {isa = PBXFileReference; lastKnownFileType = sourcecode.swift; path = AssignmentCellNotDone.swift; sourceTree = "<group>"; };
		EBC86E58207AB7F900D405D4 /* WelcomeViewController.swift */ = {isa = PBXFileReference; lastKnownFileType = sourcecode.swift; path = WelcomeViewController.swift; sourceTree = "<group>"; };
		EBC86E5C2083B07C00D405D4 /* AVFoundation.framework */ = {isa = PBXFileReference; lastKnownFileType = wrapper.framework; name = AVFoundation.framework; path = System/Library/Frameworks/AVFoundation.framework; sourceTree = SDKROOT; };
		EBC86E612084EEA500D405D4 /* User.swift */ = {isa = PBXFileReference; lastKnownFileType = sourcecode.swift; path = User.swift; sourceTree = "<group>"; };
		EBC86E632084F7E400D405D4 /* ExercisePlayer.swift */ = {isa = PBXFileReference; lastKnownFileType = sourcecode.swift; path = ExercisePlayer.swift; sourceTree = "<group>"; };
/* End PBXFileReference section */

/* Begin PBXFrameworksBuildPhase section */
		EBC86DFA2079A39B00D405D4 /* Frameworks */ = {
			isa = PBXFrameworksBuildPhase;
			buildActionMask = 2147483647;
			files = (
				EBC86E5D2083B07C00D405D4 /* AVFoundation.framework in Frameworks */,
				EBC86E262079A40F00D405D4 /* Foundation.framework in Frameworks */,
				EBC86E242079A3D400D405D4 /* AVKit.framework in Frameworks */,
				EBC86E222079A3CA00D405D4 /* UIKit.framework in Frameworks */,
				2EF8870D8DB0A682FC02BE14 /* Pods_TheraMe_Mobile.framework in Frameworks */,
			);
			runOnlyForDeploymentPostprocessing = 0;
		};
		EBC86E0E2079A39B00D405D4 /* Frameworks */ = {
			isa = PBXFrameworksBuildPhase;
			buildActionMask = 2147483647;
			files = (
			);
			runOnlyForDeploymentPostprocessing = 0;
		};
/* End PBXFrameworksBuildPhase section */

/* Begin PBXGroup section */
		5284A157BB6298F5919B6859 /* Pods */ = {
			isa = PBXGroup;
			children = (
				2803BD3B4CC5EF369A8A29FA /* Pods-TheraMe Mobile.debug.xcconfig */,
				3A70BB17C831A4806E56E068 /* Pods-TheraMe Mobile.release.xcconfig */,
			);
			name = Pods;
			sourceTree = "<group>";
		};
		EBC86DF42079A39B00D405D4 = {
			isa = PBXGroup;
			children = (
				EBC86E3B2079A92400D405D4 /* podfile */,
				EBC86DFF2079A39B00D405D4 /* TheraMe Mobile */,
				EBC86E142079A39B00D405D4 /* TheraMe MobileTests */,
				EBC86DFE2079A39B00D405D4 /* Products */,
				EBC86E202079A3CA00D405D4 /* Frameworks */,
				5284A157BB6298F5919B6859 /* Pods */,
			);
			sourceTree = "<group>";
		};
		EBC86DFE2079A39B00D405D4 /* Products */ = {
			isa = PBXGroup;
			children = (
				EBC86DFD2079A39B00D405D4 /* TheraMe Mobile.app */,
				EBC86E112079A39B00D405D4 /* TheraMe MobileTests.xctest */,
			);
			name = Products;
			sourceTree = "<group>";
		};
		EBC86DFF2079A39B00D405D4 /* TheraMe Mobile */ = {
			isa = PBXGroup;
			children = (
				EBC86E002079A39B00D405D4 /* AppDelegate.swift */,
				EBC86E022079A39B00D405D4 /* ViewController.swift */,
				EBC86E042079A39B00D405D4 /* Main.storyboard */,
				EBC86E072079A39B00D405D4 /* Assets.xcassets */,
				EBC86E092079A39B00D405D4 /* LaunchScreen.storyboard */,
				EBC86E0C2079A39B00D405D4 /* Info.plist */,
				EBC86E392079A7BF00D405D4 /* NavigationController.swift */,
				EBC86E3F2079AB7900D405D4 /* SideMenuController.swift */,
				EBC86E462079AE4000D405D4 /* HomeViewController.swift */,
				EBC86E4C207A54C600D405D4 /* Assignment.swift */,
				EBC86E4E207A550200D405D4 /* Exercise.swift */,
				EBC86E50207A612800D405D4 /* SharedObjectManager.swift */,
				EBC86E52207A6B3F00D405D4 /* MediaHandler.swift */,
				EBC86E54207A785300D405D4 /* AssignmentCellDone.swift */,
				EBC86E56207A785F00D405D4 /* AssignmentCellNotDone.swift */,
				EBC86E58207AB7F900D405D4 /* WelcomeViewController.swift */,
				EBC86E612084EEA500D405D4 /* User.swift */,
				EBC86E632084F7E400D405D4 /* ExercisePlayer.swift */,
				EBAED1BA2085202C006D8311 /* LoginButton.swift */,
				EBAED1BC20852855006D8311 /* FadeInAnimator.swift */,
				EBAED1BE2085317D006D8311 /* Spinner.swift */,
			);
			path = "TheraMe Mobile";
			sourceTree = "<group>";
		};
		EBC86E142079A39B00D405D4 /* TheraMe MobileTests */ = {
			isa = PBXGroup;
			children = (
				EBC86E152079A39B00D405D4 /* TheraMe_MobileTests.swift */,
				EBC86E172079A39B00D405D4 /* Info.plist */,
			);
			path = "TheraMe MobileTests";
			sourceTree = "<group>";
		};
		EBC86E202079A3CA00D405D4 /* Frameworks */ = {
			isa = PBXGroup;
			children = (
				EBC86E5C2083B07C00D405D4 /* AVFoundation.framework */,
				EBC86E252079A40F00D405D4 /* Foundation.framework */,
				EBC86E232079A3D400D405D4 /* AVKit.framework */,
				EBC86E212079A3CA00D405D4 /* UIKit.framework */,
				874AB83A9A53C46551E13A70 /* Pods_TheraMe_Mobile.framework */,
			);
			name = Frameworks;
			sourceTree = "<group>";
		};
/* End PBXGroup section */

/* Begin PBXNativeTarget section */
		EBC86DFC2079A39B00D405D4 /* TheraMe Mobile */ = {
			isa = PBXNativeTarget;
			buildConfigurationList = EBC86E1A2079A39B00D405D4 /* Build configuration list for PBXNativeTarget "TheraMe Mobile" */;
			buildPhases = (
				E9E0CF87AB9C5CB5E7E31010 /* [CP] Check Pods Manifest.lock */,
				EBC86DF92079A39B00D405D4 /* Sources */,
				EBC86DFA2079A39B00D405D4 /* Frameworks */,
				EBC86DFB2079A39B00D405D4 /* Resources */,
				8FAEE7229DC63A88FE63FA2B /* [CP] Embed Pods Frameworks */,
				5896EB378749BF1DAAF40812 /* [CP] Copy Pods Resources */,
			);
			buildRules = (
			);
			dependencies = (
			);
			name = "TheraMe Mobile";
			productName = "TheraMe Mobile";
			productReference = EBC86DFD2079A39B00D405D4 /* TheraMe Mobile.app */;
			productType = "com.apple.product-type.application";
		};
		EBC86E102079A39B00D405D4 /* TheraMe MobileTests */ = {
			isa = PBXNativeTarget;
			buildConfigurationList = EBC86E1D2079A39B00D405D4 /* Build configuration list for PBXNativeTarget "TheraMe MobileTests" */;
			buildPhases = (
				EBC86E0D2079A39B00D405D4 /* Sources */,
				EBC86E0E2079A39B00D405D4 /* Frameworks */,
				EBC86E0F2079A39B00D405D4 /* Resources */,
			);
			buildRules = (
			);
			dependencies = (
				EBC86E132079A39B00D405D4 /* PBXTargetDependency */,
			);
			name = "TheraMe MobileTests";
			productName = "TheraMe MobileTests";
			productReference = EBC86E112079A39B00D405D4 /* TheraMe MobileTests.xctest */;
			productType = "com.apple.product-type.bundle.unit-test";
		};
/* End PBXNativeTarget section */

/* Begin PBXProject section */
		EBC86DF52079A39B00D405D4 /* Project object */ = {
			isa = PBXProject;
			attributes = {
				LastSwiftUpdateCheck = 0920;
				LastUpgradeCheck = 0920;
				ORGANIZATIONNAME = TheraMe;
				TargetAttributes = {
					EBC86DFC2079A39B00D405D4 = {
						CreatedOnToolsVersion = 9.2;
						ProvisioningStyle = Automatic;
					};
					EBC86E102079A39B00D405D4 = {
						CreatedOnToolsVersion = 9.2;
						ProvisioningStyle = Automatic;
						TestTargetID = EBC86DFC2079A39B00D405D4;
					};
				};
			};
			buildConfigurationList = EBC86DF82079A39B00D405D4 /* Build configuration list for PBXProject "TheraMe Mobile" */;
			compatibilityVersion = "Xcode 8.0";
			developmentRegion = en;
			hasScannedForEncodings = 0;
			knownRegions = (
				en,
				Base,
			);
			mainGroup = EBC86DF42079A39B00D405D4;
			productRefGroup = EBC86DFE2079A39B00D405D4 /* Products */;
			projectDirPath = "";
			projectRoot = "";
			targets = (
				EBC86DFC2079A39B00D405D4 /* TheraMe Mobile */,
				EBC86E102079A39B00D405D4 /* TheraMe MobileTests */,
			);
		};
/* End PBXProject section */

/* Begin PBXResourcesBuildPhase section */
		EBC86DFB2079A39B00D405D4 /* Resources */ = {
			isa = PBXResourcesBuildPhase;
			buildActionMask = 2147483647;
			files = (
				EBC86E0B2079A39B00D405D4 /* LaunchScreen.storyboard in Resources */,
				EBC86E082079A39B00D405D4 /* Assets.xcassets in Resources */,
				EBC86E3C2079A92400D405D4 /* podfile in Resources */,
				EB71AF9C208632E2009AC24F /* Info.plist in Resources */,
				EBC86E062079A39B00D405D4 /* Main.storyboard in Resources */,
			);
			runOnlyForDeploymentPostprocessing = 0;
		};
		EBC86E0F2079A39B00D405D4 /* Resources */ = {
			isa = PBXResourcesBuildPhase;
			buildActionMask = 2147483647;
			files = (
			);
			runOnlyForDeploymentPostprocessing = 0;
		};
/* End PBXResourcesBuildPhase section */

/* Begin PBXShellScriptBuildPhase section */
		5896EB378749BF1DAAF40812 /* [CP] Copy Pods Resources */ = {
			isa = PBXShellScriptBuildPhase;
			buildActionMask = 2147483647;
			files = (
			);
			inputPaths = (
			);
			name = "[CP] Copy Pods Resources";
			outputPaths = (
			);
			runOnlyForDeploymentPostprocessing = 0;
			shellPath = /bin/sh;
			shellScript = "\"${SRCROOT}/Pods/Target Support Files/Pods-TheraMe Mobile/Pods-TheraMe Mobile-resources.sh\"\n";
			showEnvVarsInLog = 0;
		};
		8FAEE7229DC63A88FE63FA2B /* [CP] Embed Pods Frameworks */ = {
			isa = PBXShellScriptBuildPhase;
			buildActionMask = 2147483647;
			files = (
			);
			inputPaths = (
				"${SRCROOT}/Pods/Target Support Files/Pods-TheraMe Mobile/Pods-TheraMe Mobile-frameworks.sh",
				"${BUILT_PRODUCTS_DIR}/SideMenu/SideMenu.framework",
			);
			name = "[CP] Embed Pods Frameworks";
			outputPaths = (
				"${TARGET_BUILD_DIR}/${FRAMEWORKS_FOLDER_PATH}/SideMenu.framework",
			);
			runOnlyForDeploymentPostprocessing = 0;
			shellPath = /bin/sh;
			shellScript = "\"${SRCROOT}/Pods/Target Support Files/Pods-TheraMe Mobile/Pods-TheraMe Mobile-frameworks.sh\"\n";
			showEnvVarsInLog = 0;
		};
		E9E0CF87AB9C5CB5E7E31010 /* [CP] Check Pods Manifest.lock */ = {
			isa = PBXShellScriptBuildPhase;
			buildActionMask = 2147483647;
			files = (
			);
			inputPaths = (
				"${PODS_PODFILE_DIR_PATH}/Podfile.lock",
				"${PODS_ROOT}/Manifest.lock",
			);
			name = "[CP] Check Pods Manifest.lock";
			outputPaths = (
				"$(DERIVED_FILE_DIR)/Pods-TheraMe Mobile-checkManifestLockResult.txt",
			);
			runOnlyForDeploymentPostprocessing = 0;
			shellPath = /bin/sh;
			shellScript = "diff \"${PODS_PODFILE_DIR_PATH}/Podfile.lock\" \"${PODS_ROOT}/Manifest.lock\" > /dev/null\nif [ $? != 0 ] ; then\n    # print error to STDERR\n    echo \"error: The sandbox is not in sync with the Podfile.lock. Run 'pod install' or update your CocoaPods installation.\" >&2\n    exit 1\nfi\n# This output is used by Xcode 'outputs' to avoid re-running this script phase.\necho \"SUCCESS\" > \"${SCRIPT_OUTPUT_FILE_0}\"\n";
			showEnvVarsInLog = 0;
		};
/* End PBXShellScriptBuildPhase section */

/* Begin PBXSourcesBuildPhase section */
		EBC86DF92079A39B00D405D4 /* Sources */ = {
			isa = PBXSourcesBuildPhase;
			buildActionMask = 2147483647;
			files = (
				EBC86E622084EEA500D405D4 /* User.swift in Sources */,
				EBC86E472079AE4000D405D4 /* HomeViewController.swift in Sources */,
				EBC86E53207A6B3F00D405D4 /* MediaHandler.swift in Sources */,
				EBAED1BF2085317D006D8311 /* Spinner.swift in Sources */,
				EBC86E55207A785400D405D4 /* AssignmentCellDone.swift in Sources */,
				EBC86E642084F7E400D405D4 /* ExercisePlayer.swift in Sources */,
				EBC86E57207A785F00D405D4 /* AssignmentCellNotDone.swift in Sources */,
				EBC86E032079A39B00D405D4 /* ViewController.swift in Sources */,
				EBC86E402079AB7900D405D4 /* SideMenuController.swift in Sources */,
				EBC86E4D207A54C600D405D4 /* Assignment.swift in Sources */,
				EBC86E3A2079A7BF00D405D4 /* NavigationController.swift in Sources */,
				EBAED1BD20852855006D8311 /* FadeInAnimator.swift in Sources */,
				EBC86E012079A39B00D405D4 /* AppDelegate.swift in Sources */,
				EBC86E51207A612800D405D4 /* SharedObjectManager.swift in Sources */,
				EBAED1BB2085202C006D8311 /* LoginButton.swift in Sources */,
				EBC86E4F207A550200D405D4 /* Exercise.swift in Sources */,
				EBC86E59207AB7F900D405D4 /* WelcomeViewController.swift in Sources */,
			);
			runOnlyForDeploymentPostprocessing = 0;
		};
		EBC86E0D2079A39B00D405D4 /* Sources */ = {
			isa = PBXSourcesBuildPhase;
			buildActionMask = 2147483647;
			files = (
				EBC86E162079A39B00D405D4 /* TheraMe_MobileTests.swift in Sources */,
			);
			runOnlyForDeploymentPostprocessing = 0;
		};
/* End PBXSourcesBuildPhase section */

/* Begin PBXTargetDependency section */
		EBC86E132079A39B00D405D4 /* PBXTargetDependency */ = {
			isa = PBXTargetDependency;
			target = EBC86DFC2079A39B00D405D4 /* TheraMe Mobile */;
			targetProxy = EBC86E122079A39B00D405D4 /* PBXContainerItemProxy */;
		};
/* End PBXTargetDependency section */

/* Begin PBXVariantGroup section */
		EBC86E042079A39B00D405D4 /* Main.storyboard */ = {
			isa = PBXVariantGroup;
			children = (
				EBC86E052079A39B00D405D4 /* Base */,
			);
			name = Main.storyboard;
			sourceTree = "<group>";
		};
		EBC86E092079A39B00D405D4 /* LaunchScreen.storyboard */ = {
			isa = PBXVariantGroup;
			children = (
				EBC86E0A2079A39B00D405D4 /* Base */,
			);
			name = LaunchScreen.storyboard;
			sourceTree = "<group>";
		};
/* End PBXVariantGroup section */

/* Begin XCBuildConfiguration section */
		EBC86E182079A39B00D405D4 /* Debug */ = {
			isa = XCBuildConfiguration;
			buildSettings = {
				ALWAYS_SEARCH_USER_PATHS = NO;
				CLANG_ANALYZER_NONNULL = YES;
				CLANG_ANALYZER_NUMBER_OBJECT_CONVERSION = YES_AGGRESSIVE;
				CLANG_CXX_LANGUAGE_STANDARD = "gnu++14";
				CLANG_CXX_LIBRARY = "libc++";
				CLANG_ENABLE_MODULES = YES;
				CLANG_ENABLE_OBJC_ARC = YES;
				CLANG_WARN_BLOCK_CAPTURE_AUTORELEASING = YES;
				CLANG_WARN_BOOL_CONVERSION = YES;
				CLANG_WARN_COMMA = YES;
				CLANG_WARN_CONSTANT_CONVERSION = YES;
				CLANG_WARN_DIRECT_OBJC_ISA_USAGE = YES_ERROR;
				CLANG_WARN_DOCUMENTATION_COMMENTS = YES;
				CLANG_WARN_EMPTY_BODY = YES;
				CLANG_WARN_ENUM_CONVERSION = YES;
				CLANG_WARN_INFINITE_RECURSION = YES;
				CLANG_WARN_INT_CONVERSION = YES;
				CLANG_WARN_NON_LITERAL_NULL_CONVERSION = YES;
				CLANG_WARN_OBJC_LITERAL_CONVERSION = YES;
				CLANG_WARN_OBJC_ROOT_CLASS = YES_ERROR;
				CLANG_WARN_RANGE_LOOP_ANALYSIS = YES;
				CLANG_WARN_STRICT_PROTOTYPES = YES;
				CLANG_WARN_SUSPICIOUS_MOVE = YES;
				CLANG_WARN_UNGUARDED_AVAILABILITY = YES_AGGRESSIVE;
				CLANG_WARN_UNREACHABLE_CODE = YES;
				CLANG_WARN__DUPLICATE_METHOD_MATCH = YES;
				CODE_SIGN_IDENTITY = "iPhone Developer";
				COPY_PHASE_STRIP = NO;
				DEBUG_INFORMATION_FORMAT = dwarf;
				ENABLE_STRICT_OBJC_MSGSEND = YES;
				ENABLE_TESTABILITY = YES;
				GCC_C_LANGUAGE_STANDARD = gnu11;
				GCC_DYNAMIC_NO_PIC = NO;
				GCC_NO_COMMON_BLOCKS = YES;
				GCC_OPTIMIZATION_LEVEL = 0;
				GCC_PREPROCESSOR_DEFINITIONS = (
					"DEBUG=1",
					"$(inherited)",
				);
				GCC_WARN_64_TO_32_BIT_CONVERSION = YES;
				GCC_WARN_ABOUT_RETURN_TYPE = YES_ERROR;
				GCC_WARN_UNDECLARED_SELECTOR = YES;
				GCC_WARN_UNINITIALIZED_AUTOS = YES_AGGRESSIVE;
				GCC_WARN_UNUSED_FUNCTION = YES;
				GCC_WARN_UNUSED_VARIABLE = YES;
				IPHONEOS_DEPLOYMENT_TARGET = 11.2;
				MTL_ENABLE_DEBUG_INFO = YES;
				ONLY_ACTIVE_ARCH = YES;
				SDKROOT = iphoneos;
				SWIFT_ACTIVE_COMPILATION_CONDITIONS = DEBUG;
				SWIFT_OPTIMIZATION_LEVEL = "-Onone";
			};
			name = Debug;
		};
		EBC86E192079A39B00D405D4 /* Release */ = {
			isa = XCBuildConfiguration;
			buildSettings = {
				ALWAYS_SEARCH_USER_PATHS = NO;
				CLANG_ANALYZER_NONNULL = YES;
				CLANG_ANALYZER_NUMBER_OBJECT_CONVERSION = YES_AGGRESSIVE;
				CLANG_CXX_LANGUAGE_STANDARD = "gnu++14";
				CLANG_CXX_LIBRARY = "libc++";
				CLANG_ENABLE_MODULES = YES;
				CLANG_ENABLE_OBJC_ARC = YES;
				CLANG_WARN_BLOCK_CAPTURE_AUTORELEASING = YES;
				CLANG_WARN_BOOL_CONVERSION = YES;
				CLANG_WARN_COMMA = YES;
				CLANG_WARN_CONSTANT_CONVERSION = YES;
				CLANG_WARN_DIRECT_OBJC_ISA_USAGE = YES_ERROR;
				CLANG_WARN_DOCUMENTATION_COMMENTS = YES;
				CLANG_WARN_EMPTY_BODY = YES;
				CLANG_WARN_ENUM_CONVERSION = YES;
				CLANG_WARN_INFINITE_RECURSION = YES;
				CLANG_WARN_INT_CONVERSION = YES;
				CLANG_WARN_NON_LITERAL_NULL_CONVERSION = YES;
				CLANG_WARN_OBJC_LITERAL_CONVERSION = YES;
				CLANG_WARN_OBJC_ROOT_CLASS = YES_ERROR;
				CLANG_WARN_RANGE_LOOP_ANALYSIS = YES;
				CLANG_WARN_STRICT_PROTOTYPES = YES;
				CLANG_WARN_SUSPICIOUS_MOVE = YES;
				CLANG_WARN_UNGUARDED_AVAILABILITY = YES_AGGRESSIVE;
				CLANG_WARN_UNREACHABLE_CODE = YES;
				CLANG_WARN__DUPLICATE_METHOD_MATCH = YES;
				CODE_SIGN_IDENTITY = "iPhone Developer";
				COPY_PHASE_STRIP = NO;
				DEBUG_INFORMATION_FORMAT = "dwarf-with-dsym";
				ENABLE_NS_ASSERTIONS = NO;
				ENABLE_STRICT_OBJC_MSGSEND = YES;
				GCC_C_LANGUAGE_STANDARD = gnu11;
				GCC_NO_COMMON_BLOCKS = YES;
				GCC_WARN_64_TO_32_BIT_CONVERSION = YES;
				GCC_WARN_ABOUT_RETURN_TYPE = YES_ERROR;
				GCC_WARN_UNDECLARED_SELECTOR = YES;
				GCC_WARN_UNINITIALIZED_AUTOS = YES_AGGRESSIVE;
				GCC_WARN_UNUSED_FUNCTION = YES;
				GCC_WARN_UNUSED_VARIABLE = YES;
				IPHONEOS_DEPLOYMENT_TARGET = 11.2;
				MTL_ENABLE_DEBUG_INFO = NO;
				SDKROOT = iphoneos;
				SWIFT_OPTIMIZATION_LEVEL = "-Owholemodule";
				VALIDATE_PRODUCT = YES;
			};
			name = Release;
		};
		EBC86E1B2079A39B00D405D4 /* Debug */ = {
			isa = XCBuildConfiguration;
			baseConfigurationReference = 2803BD3B4CC5EF369A8A29FA /* Pods-TheraMe Mobile.debug.xcconfig */;
			buildSettings = {
				ASSETCATALOG_COMPILER_APPICON_NAME = AppIcon;
				CODE_SIGN_STYLE = Automatic;
				DEVELOPMENT_TEAM = 4XXJ24K4KP;
				INFOPLIST_FILE = "TheraMe Mobile/Info.plist";
				IPHONEOS_DEPLOYMENT_TARGET = 11.2;
				LD_RUNPATH_SEARCH_PATHS = "$(inherited) @executable_path/Frameworks";
				PRODUCT_BUNDLE_IDENTIFIER = "com.therame.TheraMe-Mobile";
				PRODUCT_NAME = "$(TARGET_NAME)";
				SWIFT_VERSION = 4.0;
				TARGETED_DEVICE_FAMILY = 1;
			};
			name = Debug;
		};
		EBC86E1C2079A39B00D405D4 /* Release */ = {
			isa = XCBuildConfiguration;
			baseConfigurationReference = 3A70BB17C831A4806E56E068 /* Pods-TheraMe Mobile.release.xcconfig */;
			buildSettings = {
				ASSETCATALOG_COMPILER_APPICON_NAME = AppIcon;
				CODE_SIGN_STYLE = Automatic;
				DEVELOPMENT_TEAM = 4XXJ24K4KP;
				INFOPLIST_FILE = "TheraMe Mobile/Info.plist";
				IPHONEOS_DEPLOYMENT_TARGET = 11.2;
				LD_RUNPATH_SEARCH_PATHS = "$(inherited) @executable_path/Frameworks";
				PRODUCT_BUNDLE_IDENTIFIER = "com.therame.TheraMe-Mobile";
				PRODUCT_NAME = "$(TARGET_NAME)";
				SWIFT_VERSION = 4.0;
				TARGETED_DEVICE_FAMILY = 1;
			};
			name = Release;
		};
		EBC86E1E2079A39B00D405D4 /* Debug */ = {
			isa = XCBuildConfiguration;
			buildSettings = {
				ALWAYS_EMBED_SWIFT_STANDARD_LIBRARIES = YES;
				BUNDLE_LOADER = "$(TEST_HOST)";
				CODE_SIGN_STYLE = Automatic;
				DEVELOPMENT_TEAM = 4XXJ24K4KP;
				INFOPLIST_FILE = "TheraMe MobileTests/Info.plist";
				LD_RUNPATH_SEARCH_PATHS = "$(inherited) @executable_path/Frameworks @loader_path/Frameworks";
				PRODUCT_BUNDLE_IDENTIFIER = "com.therame.TheraMe-MobileTests";
				PRODUCT_NAME = "$(TARGET_NAME)";
				SWIFT_VERSION = 4.0;
				TARGETED_DEVICE_FAMILY = "1,2";
				TEST_HOST = "$(BUILT_PRODUCTS_DIR)/TheraMe Mobile.app/TheraMe Mobile";
			};
			name = Debug;
		};
		EBC86E1F2079A39B00D405D4 /* Release */ = {
			isa = XCBuildConfiguration;
			buildSettings = {
				ALWAYS_EMBED_SWIFT_STANDARD_LIBRARIES = YES;
				BUNDLE_LOADER = "$(TEST_HOST)";
				CODE_SIGN_STYLE = Automatic;
				DEVELOPMENT_TEAM = 4XXJ24K4KP;
				INFOPLIST_FILE = "TheraMe MobileTests/Info.plist";
				LD_RUNPATH_SEARCH_PATHS = "$(inherited) @executable_path/Frameworks @loader_path/Frameworks";
				PRODUCT_BUNDLE_IDENTIFIER = "com.therame.TheraMe-MobileTests";
				PRODUCT_NAME = "$(TARGET_NAME)";
				SWIFT_VERSION = 4.0;
				TARGETED_DEVICE_FAMILY = "1,2";
				TEST_HOST = "$(BUILT_PRODUCTS_DIR)/TheraMe Mobile.app/TheraMe Mobile";
			};
			name = Release;
		};
/* End XCBuildConfiguration section */

/* Begin XCConfigurationList section */
		EBC86DF82079A39B00D405D4 /* Build configuration list for PBXProject "TheraMe Mobile" */ = {
			isa = XCConfigurationList;
			buildConfigurations = (
				EBC86E182079A39B00D405D4 /* Debug */,
				EBC86E192079A39B00D405D4 /* Release */,
			);
			defaultConfigurationIsVisible = 0;
			defaultConfigurationName = Release;
		};
		EBC86E1A2079A39B00D405D4 /* Build configuration list for PBXNativeTarget "TheraMe Mobile" */ = {
			isa = XCConfigurationList;
			buildConfigurations = (
				EBC86E1B2079A39B00D405D4 /* Debug */,
				EBC86E1C2079A39B00D405D4 /* Release */,
			);
			defaultConfigurationIsVisible = 0;
			defaultConfigurationName = Release;
		};
		EBC86E1D2079A39B00D405D4 /* Build configuration list for PBXNativeTarget "TheraMe MobileTests" */ = {
			isa = XCConfigurationList;
			buildConfigurations = (
				EBC86E1E2079A39B00D405D4 /* Debug */,
				EBC86E1F2079A39B00D405D4 /* Release */,
			);
			defaultConfigurationIsVisible = 0;
			defaultConfigurationName = Release;
		};
/* End XCConfigurationList section */
	};
	rootObject = EBC86DF52079A39B00D405D4 /* Project object */;
}
